
Microsoft Visual Studio Solution File, Format Version 12.00
# Visual Studio Version 17
VisualStudioVersion = 17.11.35303.130
MinimumVisualStudioVersion = 10.0.40219.1
Project("{8BC9CEB8-8B4A-11D0-8D11-00A0C91BC942}") = "MIREA_Algorithms-and-Data-Structures", "MIREA_Algorithms-and-Data-Structures\MIREA_Algorithms-and-Data-Structures.vcxproj", "{9F073262-00C6-4AD9-BD21-214C5D3A671F}"
EndProject
Global
	GlobalSection(SolutionConfigurationPlatforms) = preSolution
		Debug|x64 = Debug|x64
		Debug|x86 = Debug|x86
		Release|x64 = Release|x64
		Release|x86 = Release|x86
	EndGlobalSection
	GlobalSection(ProjectConfigurationPlatforms) = postSolution
		{9F073262-00C6-4AD9-BD21-214C5D3A671F}.Debug|x64.ActiveCfg = Debug|x64
		{9F073262-00C6-4AD9-BD21-214C5D3A671F}.Debug|x64.Build.0 = Debug|x64
		{9F073262-00C6-4AD9-BD21-214C5D3A671F}.Debug|x86.ActiveCfg = Debug|Win32
		{9F073262-00C6-4AD9-BD21-214C5D3A671F}.Debug|x86.Build.0 = Debug|Win32
		{9F073262-00C6-4AD9-BD21-214C5D3A671F}.Release|x64.ActiveCfg = Release|x64
		{9F073262-00C6-4AD9-BD21-214C5D3A671F}.Release|x64.Build.0 = Release|x64
		{9F073262-00C6-4AD9-BD21-214C5D3A671F}.Release|x86.ActiveCfg = Release|Win32
		{9F073262-00C6-4AD9-BD21-214C5D3A671F}.Release|x86.Build.0 = Release|Win32
	EndGlobalSection
	GlobalSection(SolutionProperties) = preSolution
		HideSolutionNode = FALSE
	EndGlobalSection
	GlobalSection(ExtensibilityGlobals) = postSolution
		SolutionGuid = {B488F196-2281-43FA-BCF1-549B94194BC3}
	EndGlobalSection
EndGlobal
